
Microsoft Visual Studio Solution File, Format Version 12.00
# Visual Studio Version 17
VisualStudioVersion = 17.8.34408.163
MinimumVisualStudioVersion = 10.0.40219.1
Project("{FAE04EC0-301F-11D3-BF4B-00C04F79EFBC}") = "MusikFestivalsHanterare", "MusikFestivalsHanterare.csproj", "{BC6E9C2E-ACDF-4964-800D-BC2C84EE6305}"
EndProject
Global
	GlobalSection(SolutionConfigurationPlatforms) = preSolution
		Debug|Any CPU = Debug|Any CPU
		Release|Any CPU = Release|Any CPU
	EndGlobalSection
	GlobalSection(ProjectConfigurationPlatforms) = postSolution
		{BC6E9C2E-ACDF-4964-800D-BC2C84EE6305}.Debug|Any CPU.ActiveCfg = Debug|Any CPU
		{BC6E9C2E-ACDF-4964-800D-BC2C84EE6305}.Debug|Any CPU.Build.0 = Debug|Any CPU
		{BC6E9C2E-ACDF-4964-800D-BC2C84EE6305}.Release|Any CPU.ActiveCfg = Release|Any CPU
		{BC6E9C2E-ACDF-4964-800D-BC2C84EE6305}.Release|Any CPU.Build.0 = Release|Any CPU
	EndGlobalSection
	GlobalSection(SolutionProperties) = preSolution
		HideSolutionNode = FALSE
	EndGlobalSection
	GlobalSection(ExtensibilityGlobals) = postSolution
		SolutionGuid = {96A6211E-6ECA-4BB3-83EB-9B16C2663CF9}
	EndGlobalSection
EndGlobal
